
Microsoft Visual Studio Solution File, Format Version 12.00
# Visual Studio Version 17
VisualStudioVersion = 17.1.32421.90
MinimumVisualStudioVersion = 10.0.40219.1
Project("{FAE04EC0-301F-11D3-BF4B-00C04F79EFBC}") = "CalculadoraIMC", "CalculadoraIMC\CalculadoraIMC.csproj", "{4A3847C2-60B7-45A5-ABA1-B0E9CF640B38}"
EndProject
Project("{FAE04EC0-301F-11D3-BF4B-00C04F79EFBC}") = "TesteCalculadoraIMC", "TesteCalculadoraIMC\TesteCalculadoraIMC.csproj", "{0B0C7CB5-2AD1-45F0-B827-EB09E6C2C23F}"
EndProject
Global
	GlobalSection(SolutionConfigurationPlatforms) = preSolution
		Debug|Any CPU = Debug|Any CPU
		Release|Any CPU = Release|Any CPU
	EndGlobalSection
	GlobalSection(ProjectConfigurationPlatforms) = postSolution
		{4A3847C2-60B7-45A5-ABA1-B0E9CF640B38}.Debug|Any CPU.ActiveCfg = Debug|Any CPU
		{4A3847C2-60B7-45A5-ABA1-B0E9CF640B38}.Debug|Any CPU.Build.0 = Debug|Any CPU
		{4A3847C2-60B7-45A5-ABA1-B0E9CF640B38}.Release|Any CPU.ActiveCfg = Release|Any CPU
		{4A3847C2-60B7-45A5-ABA1-B0E9CF640B38}.Release|Any CPU.Build.0 = Release|Any CPU
		{0B0C7CB5-2AD1-45F0-B827-EB09E6C2C23F}.Debug|Any CPU.ActiveCfg = Debug|Any CPU
		{0B0C7CB5-2AD1-45F0-B827-EB09E6C2C23F}.Debug|Any CPU.Build.0 = Debug|Any CPU
		{0B0C7CB5-2AD1-45F0-B827-EB09E6C2C23F}.Release|Any CPU.ActiveCfg = Release|Any CPU
		{0B0C7CB5-2AD1-45F0-B827-EB09E6C2C23F}.Release|Any CPU.Build.0 = Release|Any CPU
	EndGlobalSection
	GlobalSection(SolutionProperties) = preSolution
		HideSolutionNode = FALSE
	EndGlobalSection
	GlobalSection(ExtensibilityGlobals) = postSolution
		SolutionGuid = {D8266292-2776-4982-9F71-18120D90A212}
	EndGlobalSection
EndGlobal
